// !$*UTF8*$!
{
	archiveVersion = 1;
	classes = {
	};
	objectVersion = 56;
	objects = {

/* Begin PBXBuildFile section */
		DE25FECF2AC1371400C784CF /* TodoListHomework5App.swift in Sources */ = {isa = PBXBuildFile; fileRef = DE25FECE2AC1371400C784CF /* TodoListHomework5App.swift */; };
		DE25FED12AC1371400C784CF /* ContentView.swift in Sources */ = {isa = PBXBuildFile; fileRef = DE25FED02AC1371400C784CF /* ContentView.swift */; };
		DE25FED32AC1371600C784CF /* Assets.xcassets in Resources */ = {isa = PBXBuildFile; fileRef = DE25FED22AC1371600C784CF /* Assets.xcassets */; };
		DE25FED62AC1371600C784CF /* Preview Assets.xcassets in Resources */ = {isa = PBXBuildFile; fileRef = DE25FED52AC1371600C784CF /* Preview Assets.xcassets */; };
		DE25FEDD2AC1375300C784CF /* Task.swift in Sources */ = {isa = PBXBuildFile; fileRef = DE25FEDC2AC1375300C784CF /* Task.swift */; };
		DE25FEDF2AC137AC00C784CF /* StoreViewModel.swift in Sources */ = {isa = PBXBuildFile; fileRef = DE25FEDE2AC137AC00C784CF /* StoreViewModel.swift */; };
		DE31DECB2AC420AC00F46AB0 /* TaskDetailView.swift in Sources */ = {isa = PBXBuildFile; fileRef = DE31DECA2AC420AC00F46AB0 /* TaskDetailView.swift */; };
		DE31DECD2AC4210300F46AB0 /* AddNewTaskView.swift in Sources */ = {isa = PBXBuildFile; fileRef = DE31DECC2AC4210300F46AB0 /* AddNewTaskView.swift */; };
/* End PBXBuildFile section */

/* Begin PBXFileReference section */
		DE25FECB2AC1371400C784CF /* TodoListHomework5.app */ = {isa = PBXFileReference; explicitFileType = wrapper.application; includeInIndex = 0; path = TodoListHomework5.app; sourceTree = BUILT_PRODUCTS_DIR; };
		DE25FECE2AC1371400C784CF /* TodoListHomework5App.swift */ = {isa = PBXFileReference; lastKnownFileType = sourcecode.swift; path = TodoListHomework5App.swift; sourceTree = "<group>"; };
		DE25FED02AC1371400C784CF /* ContentView.swift */ = {isa = PBXFileReference; lastKnownFileType = sourcecode.swift; path = ContentView.swift; sourceTree = "<group>"; };
		DE25FED22AC1371600C784CF /* Assets.xcassets */ = {isa = PBXFileReference; lastKnownFileType = folder.assetcatalog; path = Assets.xcassets; sourceTree = "<group>"; };
		DE25FED52AC1371600C784CF /* Preview Assets.xcassets */ = {isa = PBXFileReference; lastKnownFileType = folder.assetcatalog; path = "Preview Assets.xcassets"; sourceTree = "<group>"; };
		DE25FEDC2AC1375300C784CF /* Task.swift */ = {isa = PBXFileReference; lastKnownFileType = sourcecode.swift; path = Task.swift; sourceTree = "<group>"; };
		DE25FEDE2AC137AC00C784CF /* StoreViewModel.swift */ = {isa = PBXFileReference; lastKnownFileType = sourcecode.swift; path = StoreViewModel.swift; sourceTree = "<group>"; };
		DE31DECA2AC420AC00F46AB0 /* TaskDetailView.swift */ = {isa = PBXFileReference; lastKnownFileType = sourcecode.swift; path = TaskDetailView.swift; sourceTree = "<group>"; };
		DE31DECC2AC4210300F46AB0 /* AddNewTaskView.swift */ = {isa = PBXFileReference; lastKnownFileType = sourcecode.swift; path = AddNewTaskView.swift; sourceTree = "<group>"; };
/* End PBXFileReference section */

/* Begin PBXFrameworksBuildPhase section */
		DE25FEC82AC1371400C784CF /* Frameworks */ = {
			isa = PBXFrameworksBuildPhase;
			buildActionMask = 2147483647;
			files = (
			);
			runOnlyForDeploymentPostprocessing = 0;
		};
/* End PBXFrameworksBuildPhase section */

/* Begin PBXGroup section */
		DE25FEC22AC1371400C784CF = {
			isa = PBXGroup;
			children = (
				DE25FECD2AC1371400C784CF /* TodoListHomework5 */,
				DE25FECC2AC1371400C784CF /* Products */,
			);
			sourceTree = "<group>";
		};
		DE25FECC2AC1371400C784CF /* Products */ = {
			isa = PBXGroup;
			children = (
				DE25FECB2AC1371400C784CF /* TodoListHomework5.app */,
			);
			name = Products;
			sourceTree = "<group>";
		};
		DE25FECD2AC1371400C784CF /* TodoListHomework5 */ = {
			isa = PBXGroup;
			children = (
				DE25FECE2AC1371400C784CF /* TodoListHomework5App.swift */,
				DE31DECF2AC4257A00F46AB0 /* Model */,
				DE31DECE2AC4256600F46AB0 /* ViewModel */,
				DE31DED02AC4258800F46AB0 /* Views */,
				DE25FED22AC1371600C784CF /* Assets.xcassets */,
				DE25FED42AC1371600C784CF /* Preview Content */,
			);
			path = TodoListHomework5;
			sourceTree = "<group>";
		};
		DE25FED42AC1371600C784CF /* Preview Content */ = {
			isa = PBXGroup;
			children = (
				DE25FED52AC1371600C784CF /* Preview Assets.xcassets */,
			);
			path = "Preview Content";
			sourceTree = "<group>";
		};
		DE31DECE2AC4256600F46AB0 /* ViewModel */ = {
			isa = PBXGroup;
			children = (
				DE25FEDE2AC137AC00C784CF /* StoreViewModel.swift */,
			);
			path = ViewModel;
			sourceTree = "<group>";
		};
		DE31DECF2AC4257A00F46AB0 /* Model */ = {
			isa = PBXGroup;
			children = (
				DE25FEDC2AC1375300C784CF /* Task.swift */,
			);
			path = Model;
			sourceTree = "<group>";
		};
		DE31DED02AC4258800F46AB0 /* Views */ = {
			isa = PBXGroup;
			children = (
				DE25FED02AC1371400C784CF /* ContentView.swift */,
				DE31DECA2AC420AC00F46AB0 /* TaskDetailView.swift */,
				DE31DECC2AC4210300F46AB0 /* AddNewTaskView.swift */,
			);
			path = Views;
			sourceTree = "<group>";
		};
/* End PBXGroup section */

/* Begin PBXNativeTarget section */
		DE25FECA2AC1371400C784CF /* TodoListHomework5 */ = {
			isa = PBXNativeTarget;
			buildConfigurationList = DE25FED92AC1371600C784CF /* Build configuration list for PBXNativeTarget "TodoListHomework5" */;
			buildPhases = (
				DE25FEC72AC1371400C784CF /* Sources */,
				DE25FEC82AC1371400C784CF /* Frameworks */,
				DE25FEC92AC1371400C784CF /* Resources */,
			);
			buildRules = (
			);
			dependencies = (
			);
			name = TodoListHomework5;
			productName = TodoListHomework5;
			productReference = DE25FECB2AC1371400C784CF /* TodoListHomework5.app */;
			productType = "com.apple.product-type.application";
		};
/* End PBXNativeTarget section */

/* Begin PBXProject section */
		DE25FEC32AC1371400C784CF /* Project object */ = {
			isa = PBXProject;
			attributes = {
				BuildIndependentTargetsInParallel = 1;
				LastSwiftUpdateCheck = 1500;
				LastUpgradeCheck = 1500;
				TargetAttributes = {
					DE25FECA2AC1371400C784CF = {
						CreatedOnToolsVersion = 15.0;
					};
				};
			};
			buildConfigurationList = DE25FEC62AC1371400C784CF /* Build configuration list for PBXProject "TodoListHomework5" */;
			compatibilityVersion = "Xcode 14.0";
			developmentRegion = en;
			hasScannedForEncodings = 0;
			knownRegions = (
				en,
				Base,
			);
			mainGroup = DE25FEC22AC1371400C784CF;
			productRefGroup = DE25FECC2AC1371400C784CF /* Products */;
			projectDirPath = "";
			projectRoot = "";
			targets = (
				DE25FECA2AC1371400C784CF /* TodoListHomework5 */,
			);
		};
/* End PBXProject section */

/* Begin PBXResourcesBuildPhase section */
		DE25FEC92AC1371400C784CF /* Resources */ = {
			isa = PBXResourcesBuildPhase;
			buildActionMask = 2147483647;
			files = (
				DE25FED62AC1371600C784CF /* Preview Assets.xcassets in Resources */,
				DE25FED32AC1371600C784CF /* Assets.xcassets in Resources */,
			);
			runOnlyForDeploymentPostprocessing = 0;
		};
/* End PBXResourcesBuildPhase section */

/* Begin PBXSourcesBuildPhase section */
		DE25FEC72AC1371400C784CF /* Sources */ = {
			isa = PBXSourcesBuildPhase;
			buildActionMask = 2147483647;
			files = (
				DE31DECD2AC4210300F46AB0 /* AddNewTaskView.swift in Sources */,
				DE25FEDF2AC137AC00C784CF /* StoreViewModel.swift in Sources */,
				DE25FED12AC1371400C784CF /* ContentView.swift in Sources */,
				DE25FEDD2AC1375300C784CF /* Task.swift in Sources */,
				DE25FECF2AC1371400C784CF /* TodoListHomework5App.swift in Sources */,
				DE31DECB2AC420AC00F46AB0 /* TaskDetailView.swift in Sources */,
			);
			runOnlyForDeploymentPostprocessing = 0;
		};
/* End PBXSourcesBuildPhase section */

/* Begin XCBuildConfiguration section */
		DE25FED72AC1371600C784CF /* Debug */ = {
			isa = XCBuildConfiguration;
			buildSettings = {
				ALWAYS_SEARCH_USER_PATHS = NO;
				ASSETCATALOG_COMPILER_GENERATE_SWIFT_ASSET_SYMBOL_EXTENSIONS = YES;
				CLANG_ANALYZER_NONNULL = YES;
				CLANG_ANALYZER_NUMBER_OBJECT_CONVERSION = YES_AGGRESSIVE;
				CLANG_CXX_LANGUAGE_STANDARD = "gnu++20";
				CLANG_ENABLE_MODULES = YES;
				CLANG_ENABLE_OBJC_ARC = YES;
				CLANG_ENABLE_OBJC_WEAK = YES;
				CLANG_WARN_BLOCK_CAPTURE_AUTORELEASING = YES;
				CLANG_WARN_BOOL_CONVERSION = YES;
				CLANG_WARN_COMMA = YES;
				CLANG_WARN_CONSTANT_CONVERSION = YES;
				CLANG_WARN_DEPRECATED_OBJC_IMPLEMENTATIONS = YES;
				CLANG_WARN_DIRECT_OBJC_ISA_USAGE = YES_ERROR;
				CLANG_WARN_DOCUMENTATION_COMMENTS = YES;
				CLANG_WARN_EMPTY_BODY = YES;
				CLANG_WARN_ENUM_CONVERSION = YES;
				CLANG_WARN_INFINITE_RECURSION = YES;
				CLANG_WARN_INT_CONVERSION = YES;
				CLANG_WARN_NON_LITERAL_NULL_CONVERSION = YES;
				CLANG_WARN_OBJC_IMPLICIT_RETAIN_SELF = YES;
				CLANG_WARN_OBJC_LITERAL_CONVERSION = YES;
				CLANG_WARN_OBJC_ROOT_CLASS = YES_ERROR;
				CLANG_WARN_QUOTED_INCLUDE_IN_FRAMEWORK_HEADER = YES;
				CLANG_WARN_RANGE_LOOP_ANALYSIS = YES;
				CLANG_WARN_STRICT_PROTOTYPES = YES;
				CLANG_WARN_SUSPICIOUS_MOVE = YES;
				CLANG_WARN_UNGUARDED_AVAILABILITY = YES_AGGRESSIVE;
				CLANG_WARN_UNREACHABLE_CODE = YES;
				CLANG_WARN__DUPLICATE_METHOD_MATCH = YES;
				COPY_PHASE_STRIP = NO;
				DEBUG_INFORMATION_FORMAT = dwarf;
				ENABLE_STRICT_OBJC_MSGSEND = YES;
				ENABLE_TESTABILITY = YES;
				ENABLE_USER_SCRIPT_SANDBOXING = YES;
				GCC_C_LANGUAGE_STANDARD = gnu17;
				GCC_DYNAMIC_NO_PIC = NO;
				GCC_NO_COMMON_BLOCKS = YES;
				GCC_OPTIMIZATION_LEVEL = 0;
				GCC_PREPROCESSOR_DEFINITIONS = (
					"DEBUG=1",
					"$(inherited)",
				);
				GCC_WARN_64_TO_32_BIT_CONVERSION = YES;
				GCC_WARN_ABOUT_RETURN_TYPE = YES_ERROR;
				GCC_WARN_UNDECLARED_SELECTOR = YES;
				GCC_WARN_UNINITIALIZED_AUTOS = YES_AGGRESSIVE;
				GCC_WARN_UNUSED_FUNCTION = YES;
				GCC_WARN_UNUSED_VARIABLE = YES;
				IPHONEOS_DEPLOYMENT_TARGET = 17.0;
				LOCALIZATION_PREFERS_STRING_CATALOGS = YES;
				MTL_ENABLE_DEBUG_INFO = INCLUDE_SOURCE;
				MTL_FAST_MATH = YES;
				ONLY_ACTIVE_ARCH = YES;
				SDKROOT = iphoneos;
				SWIFT_ACTIVE_COMPILATION_CONDITIONS = "DEBUG $(inherited)";
				SWIFT_OPTIMIZATION_LEVEL = "-Onone";
			};
			name = Debug;
		};
		DE25FED82AC1371600C784CF /* Release */ = {
			isa = XCBuildConfiguration;
			buildSettings = {
				ALWAYS_SEARCH_USER_PATHS = NO;
				ASSETCATALOG_COMPILER_GENERATE_SWIFT_ASSET_SYMBOL_EXTENSIONS = YES;
				CLANG_ANALYZER_NONNULL = YES;
				CLANG_ANALYZER_NUMBER_OBJECT_CONVERSION = YES_AGGRESSIVE;
				CLANG_CXX_LANGUAGE_STANDARD = "gnu++20";
				CLANG_ENABLE_MODULES = YES;
				CLANG_ENABLE_OBJC_ARC = YES;
				CLANG_ENABLE_OBJC_WEAK = YES;
				CLANG_WARN_BLOCK_CAPTURE_AUTORELEASING = YES;
				CLANG_WARN_BOOL_CONVERSION = YES;
				CLANG_WARN_COMMA = YES;
				CLANG_WARN_CONSTANT_CONVERSION = YES;
				CLANG_WARN_DEPRECATED_OBJC_IMPLEMENTATIONS = YES;
				CLANG_WARN_DIRECT_OBJC_ISA_USAGE = YES_ERROR;
				CLANG_WARN_DOCUMENTATION_COMMENTS = YES;
				CLANG_WARN_EMPTY_BODY = YES;
				CLANG_WARN_ENUM_CONVERSION = YES;
				CLANG_WARN_INFINITE_RECURSION = YES;
				CLANG_WARN_INT_CONVERSION = YES;
				CLANG_WARN_NON_LITERAL_NULL_CONVERSION = YES;
				CLANG_WARN_OBJC_IMPLICIT_RETAIN_SELF = YES;
				CLANG_WARN_OBJC_LITERAL_CONVERSION = YES;
				CLANG_WARN_OBJC_ROOT_CLASS = YES_ERROR;
				CLANG_WARN_QUOTED_INCLUDE_IN_FRAMEWORK_HEADER = YES;
				CLANG_WARN_RANGE_LOOP_ANALYSIS = YES;
				CLANG_WARN_STRICT_PROTOTYPES = YES;
				CLANG_WARN_SUSPICIOUS_MOVE = YES;
				CLANG_WARN_UNGUARDED_AVAILABILITY = YES_AGGRESSIVE;
				CLANG_WARN_UNREACHABLE_CODE = YES;
				CLANG_WARN__DUPLICATE_METHOD_MATCH = YES;
				COPY_PHASE_STRIP = NO;
				DEBUG_INFORMATION_FORMAT = "dwarf-with-dsym";
				ENABLE_NS_ASSERTIONS = NO;
				ENABLE_STRICT_OBJC_MSGSEND = YES;
				ENABLE_USER_SCRIPT_SANDBOXING = YES;
				GCC_C_LANGUAGE_STANDARD = gnu17;
				GCC_NO_COMMON_BLOCKS = YES;
				GCC_WARN_64_TO_32_BIT_CONVERSION = YES;
				GCC_WARN_ABOUT_RETURN_TYPE = YES_ERROR;
				GCC_WARN_UNDECLARED_SELECTOR = YES;
				GCC_WARN_UNINITIALIZED_AUTOS = YES_AGGRESSIVE;
				GCC_WARN_UNUSED_FUNCTION = YES;
				GCC_WARN_UNUSED_VARIABLE = YES;
				IPHONEOS_DEPLOYMENT_TARGET = 17.0;
				LOCALIZATION_PREFERS_STRING_CATALOGS = YES;
				MTL_ENABLE_DEBUG_INFO = NO;
				MTL_FAST_MATH = YES;
				SDKROOT = iphoneos;
				SWIFT_COMPILATION_MODE = wholemodule;
				VALIDATE_PRODUCT = YES;
			};
			name = Release;
		};
		DE25FEDA2AC1371600C784CF /* Debug */ = {
			isa = XCBuildConfiguration;
			buildSettings = {
				ASSETCATALOG_COMPILER_APPICON_NAME = AppIcon;
				ASSETCATALOG_COMPILER_GLOBAL_ACCENT_COLOR_NAME = AccentColor;
				CODE_SIGN_STYLE = Automatic;
				CURRENT_PROJECT_VERSION = 1;
				DEVELOPMENT_ASSET_PATHS = "\"TodoListHomework5/Preview Content\"";
				DEVELOPMENT_TEAM = YA9GBZ4Z83;
				ENABLE_PREVIEWS = YES;
				GENERATE_INFOPLIST_FILE = YES;
				INFOPLIST_KEY_UIApplicationSceneManifest_Generation = YES;
				INFOPLIST_KEY_UIApplicationSupportsIndirectInputEvents = YES;
				INFOPLIST_KEY_UILaunchScreen_Generation = YES;
				INFOPLIST_KEY_UISupportedInterfaceOrientations_iPad = "UIInterfaceOrientationPortrait UIInterfaceOrientationPortraitUpsideDown UIInterfaceOrientationLandscapeLeft UIInterfaceOrientationLandscapeRight";
				INFOPLIST_KEY_UISupportedInterfaceOrientations_iPhone = "UIInterfaceOrientationPortrait UIInterfaceOrientationLandscapeLeft UIInterfaceOrientationLandscapeRight";
				LD_RUNPATH_SEARCH_PATHS = (
					"$(inherited)",
					"@executable_path/Frameworks",
				);
				MARKETING_VERSION = 1.0;
				PRODUCT_BUNDLE_IDENTIFIER = com.bradashburn.TodoListHomework5;
				PRODUCT_NAME = "$(TARGET_NAME)";
				SWIFT_EMIT_LOC_STRINGS = YES;
				SWIFT_VERSION = 5.0;
				TARGETED_DEVICE_FAMILY = "1,2";
			};
			name = Debug;
		};
		DE25FEDB2AC1371600C784CF /* Release */ = {
			isa = XCBuildConfiguration;
			buildSettings = {
				ASSETCATALOG_COMPILER_APPICON_NAME = AppIcon;
				ASSETCATALOG_COMPILER_GLOBAL_ACCENT_COLOR_NAME = AccentColor;
				CODE_SIGN_STYLE = Automatic;
				CURRENT_PROJECT_VERSION = 1;
				DEVELOPMENT_ASSET_PATHS = "\"TodoListHomework5/Preview Content\"";
				DEVELOPMENT_TEAM = YA9GBZ4Z83;
				ENABLE_PREVIEWS = YES;
				GENERATE_INFOPLIST_FILE = YES;
				INFOPLIST_KEY_UIApplicationSceneManifest_Generation = YES;
				INFOPLIST_KEY_UIApplicationSupportsIndirectInputEvents = YES;
				INFOPLIST_KEY_UILaunchScreen_Generation = YES;
				INFOPLIST_KEY_UISupportedInterfaceOrientations_iPad = "UIInterfaceOrientationPortrait UIInterfaceOrientationPortraitUpsideDown UIInterfaceOrientationLandscapeLeft UIInterfaceOrientationLandscapeRight";
				INFOPLIST_KEY_UISupportedInterfaceOrientations_iPhone = "UIInterfaceOrientationPortrait UIInterfaceOrientationLandscapeLeft UIInterfaceOrientationLandscapeRight";
				LD_RUNPATH_SEARCH_PATHS = (
					"$(inherited)",
					"@executable_path/Frameworks",
				);
				MARKETING_VERSION = 1.0;
				PRODUCT_BUNDLE_IDENTIFIER = com.bradashburn.TodoListHomework5;
				PRODUCT_NAME = "$(TARGET_NAME)";
				SWIFT_EMIT_LOC_STRINGS = YES;
				SWIFT_VERSION = 5.0;
				TARGETED_DEVICE_FAMILY = "1,2";
			};
			name = Release;
		};
/* End XCBuildConfiguration section */

/* Begin XCConfigurationList section */
		DE25FEC62AC1371400C784CF /* Build configuration list for PBXProject "TodoListHomework5" */ = {
			isa = XCConfigurationList;
			buildConfigurations = (
				DE25FED72AC1371600C784CF /* Debug */,
				DE25FED82AC1371600C784CF /* Release */,
			);
			defaultConfigurationIsVisible = 0;
			defaultConfigurationName = Release;
		};
		DE25FED92AC1371600C784CF /* Build configuration list for PBXNativeTarget "TodoListHomework5" */ = {
			isa = XCConfigurationList;
			buildConfigurations = (
				DE25FEDA2AC1371600C784CF /* Debug */,
				DE25FEDB2AC1371600C784CF /* Release */,
			);
			defaultConfigurationIsVisible = 0;
			defaultConfigurationName = Release;
		};
/* End XCConfigurationList section */
	};
	rootObject = DE25FEC32AC1371400C784CF /* Project object */;
}
